
Microsoft Visual Studio Solution File, Format Version 12.00
# Visual Studio Version 16
VisualStudioVersion = 16.0.29215.179
MinimumVisualStudioVersion = 15.0.26124.0
Project("{9A19103F-16F7-4668-BE54-9A1E7A4F7556}") = "Chimera.Authentication", "Chimera.Authentication\Chimera.Authentication.csproj", "{92D7F6E4-D6F6-4E51-883F-2BEB70F47274}"
EndProject
Project("{9A19103F-16F7-4668-BE54-9A1E7A4F7556}") = "Chimera.Authentication.Api", "Chimera.Authentication.Api\Chimera.Authentication.Api.csproj", "{29F192A5-835B-4F81-BB24-F071D1305271}"
EndProject
Project("{9A19103F-16F7-4668-BE54-9A1E7A4F7556}") = "Chimera.Authentication.Mocks", "Chimera.Authentication.Mocks\Chimera.Authentication.Mocks.csproj", "{9D5D6668-F7E5-4B94-9649-64B2C62740E3}"
EndProject
Project("{9A19103F-16F7-4668-BE54-9A1E7A4F7556}") = "Chimera.Authentication.EntityFramework", "Chimera.Authentication.EntityFramework\Chimera.Authentication.EntityFramework.csproj", "{22EF7940-17FD-47E3-9549-3E1065C151E3}"
EndProject
Project("{9A19103F-16F7-4668-BE54-9A1E7A4F7556}") = "Chimera.Authentication.MongoDb", "Chimera.Authentication.MongoDb\Chimera.Authentication.MongoDb.csproj", "{A308A8A4-816C-49FC-8C72-A869DA31A1F3}"
EndProject
Project("{9A19103F-16F7-4668-BE54-9A1E7A4F7556}") = "Chimera.Authentication.Api.Tests", "Chimera.Authentication.Api.Tests\Chimera.Authentication.Api.Tests.csproj", "{881248E2-025B-4D26-BC19-24E55B904DC2}"
EndProject
Project("{2150E333-8FDC-42A3-9474-1A3956D46DE8}") = "Solution Items", "Solution Items", "{B744EAF5-27EB-41E6-AD2E-CF4014DB0074}"
	ProjectSection(SolutionItems) = preProject
		README.md = README.md
	EndProjectSection
EndProject
Project("{2150E333-8FDC-42A3-9474-1A3956D46DE8}") = "Authentication", "Authentication", "{B0B3AC07-EF61-4F9E-92A1-31B4936B94F3}"
EndProject
Project("{2150E333-8FDC-42A3-9474-1A3956D46DE8}") = "DataProviders", "DataProviders", "{44BC9179-3BA9-4646-ACC8-1D5BFC00B778}"
EndProject
Global
	GlobalSection(SolutionConfigurationPlatforms) = preSolution
		Debug|Any CPU = Debug|Any CPU
		Debug|x64 = Debug|x64
		Debug|x86 = Debug|x86
		Release|Any CPU = Release|Any CPU
		Release|x64 = Release|x64
		Release|x86 = Release|x86
	EndGlobalSection
	GlobalSection(ProjectConfigurationPlatforms) = postSolution
		{92D7F6E4-D6F6-4E51-883F-2BEB70F47274}.Debug|Any CPU.ActiveCfg = Debug|Any CPU
		{92D7F6E4-D6F6-4E51-883F-2BEB70F47274}.Debug|Any CPU.Build.0 = Debug|Any CPU
		{92D7F6E4-D6F6-4E51-883F-2BEB70F47274}.Debug|x64.ActiveCfg = Debug|Any CPU
		{92D7F6E4-D6F6-4E51-883F-2BEB70F47274}.Debug|x64.Build.0 = Debug|Any CPU
		{92D7F6E4-D6F6-4E51-883F-2BEB70F47274}.Debug|x86.ActiveCfg = Debug|Any CPU
		{92D7F6E4-D6F6-4E51-883F-2BEB70F47274}.Debug|x86.Build.0 = Debug|Any CPU
		{92D7F6E4-D6F6-4E51-883F-2BEB70F47274}.Release|Any CPU.ActiveCfg = Release|Any CPU
		{92D7F6E4-D6F6-4E51-883F-2BEB70F47274}.Release|Any CPU.Build.0 = Release|Any CPU
		{92D7F6E4-D6F6-4E51-883F-2BEB70F47274}.Release|x64.ActiveCfg = Release|Any CPU
		{92D7F6E4-D6F6-4E51-883F-2BEB70F47274}.Release|x64.Build.0 = Release|Any CPU
		{92D7F6E4-D6F6-4E51-883F-2BEB70F47274}.Release|x86.ActiveCfg = Release|Any CPU
		{92D7F6E4-D6F6-4E51-883F-2BEB70F47274}.Release|x86.Build.0 = Release|Any CPU
		{29F192A5-835B-4F81-BB24-F071D1305271}.Debug|Any CPU.ActiveCfg = Debug|Any CPU
		{29F192A5-835B-4F81-BB24-F071D1305271}.Debug|Any CPU.Build.0 = Debug|Any CPU
		{29F192A5-835B-4F81-BB24-F071D1305271}.Debug|x64.ActiveCfg = Debug|Any CPU
		{29F192A5-835B-4F81-BB24-F071D1305271}.Debug|x64.Build.0 = Debug|Any CPU
		{29F192A5-835B-4F81-BB24-F071D1305271}.Debug|x86.ActiveCfg = Debug|Any CPU
		{29F192A5-835B-4F81-BB24-F071D1305271}.Debug|x86.Build.0 = Debug|Any CPU
		{29F192A5-835B-4F81-BB24-F071D1305271}.Release|Any CPU.ActiveCfg = Release|Any CPU
		{29F192A5-835B-4F81-BB24-F071D1305271}.Release|Any CPU.Build.0 = Release|Any CPU
		{29F192A5-835B-4F81-BB24-F071D1305271}.Release|x64.ActiveCfg = Release|Any CPU
		{29F192A5-835B-4F81-BB24-F071D1305271}.Release|x64.Build.0 = Release|Any CPU
		{29F192A5-835B-4F81-BB24-F071D1305271}.Release|x86.ActiveCfg = Release|Any CPU
		{29F192A5-835B-4F81-BB24-F071D1305271}.Release|x86.Build.0 = Release|Any CPU
		{9D5D6668-F7E5-4B94-9649-64B2C62740E3}.Debug|Any CPU.ActiveCfg = Debug|Any CPU
		{9D5D6668-F7E5-4B94-9649-64B2C62740E3}.Debug|Any CPU.Build.0 = Debug|Any CPU
		{9D5D6668-F7E5-4B94-9649-64B2C62740E3}.Debug|x64.ActiveCfg = Debug|Any CPU
		{9D5D6668-F7E5-4B94-9649-64B2C62740E3}.Debug|x64.Build.0 = Debug|Any CPU
		{9D5D6668-F7E5-4B94-9649-64B2C62740E3}.Debug|x86.ActiveCfg = Debug|Any CPU
		{9D5D6668-F7E5-4B94-9649-64B2C62740E3}.Debug|x86.Build.0 = Debug|Any CPU
		{9D5D6668-F7E5-4B94-9649-64B2C62740E3}.Release|Any CPU.ActiveCfg = Release|Any CPU
		{9D5D6668-F7E5-4B94-9649-64B2C62740E3}.Release|Any CPU.Build.0 = Release|Any CPU
		{9D5D6668-F7E5-4B94-9649-64B2C62740E3}.Release|x64.ActiveCfg = Release|Any CPU
		{9D5D6668-F7E5-4B94-9649-64B2C62740E3}.Release|x64.Build.0 = Release|Any CPU
		{9D5D6668-F7E5-4B94-9649-64B2C62740E3}.Release|x86.ActiveCfg = Release|Any CPU
		{9D5D6668-F7E5-4B94-9649-64B2C62740E3}.Release|x86.Build.0 = Release|Any CPU
		{22EF7940-17FD-47E3-9549-3E1065C151E3}.Debug|Any CPU.ActiveCfg = Debug|Any CPU
		{22EF7940-17FD-47E3-9549-3E1065C151E3}.Debug|Any CPU.Build.0 = Debug|Any CPU
		{22EF7940-17FD-47E3-9549-3E1065C151E3}.Debug|x64.ActiveCfg = Debug|Any CPU
		{22EF7940-17FD-47E3-9549-3E1065C151E3}.Debug|x64.Build.0 = Debug|Any CPU
		{22EF7940-17FD-47E3-9549-3E1065C151E3}.Debug|x86.ActiveCfg = Debug|Any CPU
		{22EF7940-17FD-47E3-9549-3E1065C151E3}.Debug|x86.Build.0 = Debug|Any CPU
		{22EF7940-17FD-47E3-9549-3E1065C151E3}.Release|Any CPU.ActiveCfg = Release|Any CPU
		{22EF7940-17FD-47E3-9549-3E1065C151E3}.Release|Any CPU.Build.0 = Release|Any CPU
		{22EF7940-17FD-47E3-9549-3E1065C151E3}.Release|x64.ActiveCfg = Release|Any CPU
		{22EF7940-17FD-47E3-9549-3E1065C151E3}.Release|x64.Build.0 = Release|Any CPU
		{22EF7940-17FD-47E3-9549-3E1065C151E3}.Release|x86.ActiveCfg = Release|Any CPU
		{22EF7940-17FD-47E3-9549-3E1065C151E3}.Release|x86.Build.0 = Release|Any CPU
		{A308A8A4-816C-49FC-8C72-A869DA31A1F3}.Debug|Any CPU.ActiveCfg = Debug|Any CPU
		{A308A8A4-816C-49FC-8C72-A869DA31A1F3}.Debug|Any CPU.Build.0 = Debug|Any CPU
		{A308A8A4-816C-49FC-8C72-A869DA31A1F3}.Debug|x64.ActiveCfg = Debug|Any CPU
		{A308A8A4-816C-49FC-8C72-A869DA31A1F3}.Debug|x64.Build.0 = Debug|Any CPU
		{A308A8A4-816C-49FC-8C72-A869DA31A1F3}.Debug|x86.ActiveCfg = Debug|Any CPU
		{A308A8A4-816C-49FC-8C72-A869DA31A1F3}.Debug|x86.Build.0 = Debug|Any CPU
		{A308A8A4-816C-49FC-8C72-A869DA31A1F3}.Release|Any CPU.ActiveCfg = Release|Any CPU
		{A308A8A4-816C-49FC-8C72-A869DA31A1F3}.Release|Any CPU.Build.0 = Release|Any CPU
		{A308A8A4-816C-49FC-8C72-A869DA31A1F3}.Release|x64.ActiveCfg = Release|Any CPU
		{A308A8A4-816C-49FC-8C72-A869DA31A1F3}.Release|x64.Build.0 = Release|Any CPU
		{A308A8A4-816C-49FC-8C72-A869DA31A1F3}.Release|x86.ActiveCfg = Release|Any CPU
		{A308A8A4-816C-49FC-8C72-A869DA31A1F3}.Release|x86.Build.0 = Release|Any CPU
		{881248E2-025B-4D26-BC19-24E55B904DC2}.Debug|Any CPU.ActiveCfg = Debug|Any CPU
		{881248E2-025B-4D26-BC19-24E55B904DC2}.Debug|Any CPU.Build.0 = Debug|Any CPU
		{881248E2-025B-4D26-BC19-24E55B904DC2}.Debug|x64.ActiveCfg = Debug|Any CPU
		{881248E2-025B-4D26-BC19-24E55B904DC2}.Debug|x64.Build.0 = Debug|Any CPU
		{881248E2-025B-4D26-BC19-24E55B904DC2}.Debug|x86.ActiveCfg = Debug|Any CPU
		{881248E2-025B-4D26-BC19-24E55B904DC2}.Debug|x86.Build.0 = Debug|Any CPU
		{881248E2-025B-4D26-BC19-24E55B904DC2}.Release|Any CPU.ActiveCfg = Release|Any CPU
		{881248E2-025B-4D26-BC19-24E55B904DC2}.Release|Any CPU.Build.0 = Release|Any CPU
		{881248E2-025B-4D26-BC19-24E55B904DC2}.Release|x64.ActiveCfg = Release|Any CPU
		{881248E2-025B-4D26-BC19-24E55B904DC2}.Release|x64.Build.0 = Release|Any CPU
		{881248E2-025B-4D26-BC19-24E55B904DC2}.Release|x86.ActiveCfg = Release|Any CPU
		{881248E2-025B-4D26-BC19-24E55B904DC2}.Release|x86.Build.0 = Release|Any CPU
	EndGlobalSection
	GlobalSection(SolutionProperties) = preSolution
		HideSolutionNode = FALSE
	EndGlobalSection
	GlobalSection(NestedProjects) = preSolution
		{92D7F6E4-D6F6-4E51-883F-2BEB70F47274} = {B0B3AC07-EF61-4F9E-92A1-31B4936B94F3}
		{29F192A5-835B-4F81-BB24-F071D1305271} = {B0B3AC07-EF61-4F9E-92A1-31B4936B94F3}
		{9D5D6668-F7E5-4B94-9649-64B2C62740E3} = {44BC9179-3BA9-4646-ACC8-1D5BFC00B778}
		{22EF7940-17FD-47E3-9549-3E1065C151E3} = {44BC9179-3BA9-4646-ACC8-1D5BFC00B778}
		{A308A8A4-816C-49FC-8C72-A869DA31A1F3} = {44BC9179-3BA9-4646-ACC8-1D5BFC00B778}
		{881248E2-025B-4D26-BC19-24E55B904DC2} = {B0B3AC07-EF61-4F9E-92A1-31B4936B94F3}
		{44BC9179-3BA9-4646-ACC8-1D5BFC00B778} = {B0B3AC07-EF61-4F9E-92A1-31B4936B94F3}
	EndGlobalSection
	GlobalSection(ExtensibilityGlobals) = postSolution
		SolutionGuid = {8D9974B6-4A37-4D8E-A712-58E74FF5E544}
	EndGlobalSection
EndGlobal
