
Microsoft Visual Studio Solution File, Format Version 12.00
# Visual Studio Version 16
VisualStudioVersion = 16.0.29215.179
MinimumVisualStudioVersion = 15.0.26124.0
Project("{9A19103F-16F7-4668-BE54-9A1E7A4F7556}") = "Chimera.Authentication", "Chimera.Authentication\Chimera.Authentication.csproj", "{92D7F6E4-D6F6-4E51-883F-2BEB70F47274}"
EndProject
Project("{9A19103F-16F7-4668-BE54-9A1E7A4F7556}") = "Chimera.Authentication.Api", "Chimera.Authentication.Api\Chimera.Authentication.Api.csproj", "{29F192A5-835B-4F81-BB24-F071D1305271}"
EndProject
Project("{9A19103F-16F7-4668-BE54-9A1E7A4F7556}") = "Chimera.Authentication.Mocks", "Chimera.Authentication.Mocks\Chimera.Authentication.Mocks.csproj", "{9D5D6668-F7E5-4B94-9649-64B2C62740E3}"
EndProject
Project("{9A19103F-16F7-4668-BE54-9A1E7A4F7556}") = "Chimera.Authentication.EntityFramework", "Chimera.Authentication.EntityFramework\Chimera.Authentication.EntityFramework.csproj", "{22EF7940-17FD-47E3-9549-3E1065C151E3}"
EndProject
Project("{9A19103F-16F7-4668-BE54-9A1E7A4F7556}") = "Chimera.Authentication.MongoDb", "Chimera.Authentication.MongoDb\Chimera.Authentication.MongoDb.fsproj", "{A308A8A4-816C-49FC-8C72-A869DA31A1F3}"
EndProject
Project("{9A19103F-16F7-4668-BE54-9A1E7A4F7556}") = "Chimera.Authentication.Api.Tests", "Chimera.Authentication.Api.Tests\Chimera.Authentication.Api.Tests.csproj", "{881248E2-025B-4D26-BC19-24E55B904DC2}"
EndProject
Project("{2150E333-8FDC-42A3-9474-1A3956D46DE8}") = "Solution Items", "Solution Items", "{B744EAF5-27EB-41E6-AD2E-CF4014DB0074}"
	ProjectSection(SolutionItems) = preProject
		README.md = README.md
	EndProjectSection
EndProject
Project("{2150E333-8FDC-42A3-9474-1A3956D46DE8}") = "Authentication", "Authentication", "{B0B3AC07-EF61-4F9E-92A1-31B4936B94F3}"
EndProject
Project("{2150E333-8FDC-42A3-9474-1A3956D46DE8}") = "DataProviders", "DataProviders", "{44BC9179-3BA9-4646-ACC8-1D5BFC00B778}"
EndProject
Project("{2150E333-8FDC-42A3-9474-1A3956D46DE8}") = "Catalog", "Catalog", "{808B5669-81FF-45A4-AD3B-B89EA5A208A6}"
EndProject
Project("{9A19103F-16F7-4668-BE54-9A1E7A4F7556}") = "Chimera.Catalog", "Chimera.Catalog\Chimera.Catalog.csproj", "{9C4F19BC-2A4C-4A15-856A-AA20BF1D12E2}"
EndProject
Project("{9A19103F-16F7-4668-BE54-9A1E7A4F7556}") = "Chimera.Catalog.Mocks", "Chimera.Catalog.Mocks\Chimera.Catalog.Mocks.csproj", "{E6493D00-BF49-4386-B55A-595617AA503A}"
EndProject
Project("{9A19103F-16F7-4668-BE54-9A1E7A4F7556}") = "Chimera.Catalog.MongoDb", "Chimera.Catalog.MongoDb\Chimera.Catalog.MongoDb.fsproj", "{BBAB4DD6-749B-4755-BC10-ACBF39982169}"
EndProject
Project("{2150E333-8FDC-42A3-9474-1A3956D46DE8}") = "DataProviders", "DataProviders", "{6EDFD26C-96C1-41FC-A724-062E790F7FE2}"
EndProject
Project("{9A19103F-16F7-4668-BE54-9A1E7A4F7556}") = "Chimera.Catalog.Api", "Chimera.Catalog.Api\Chimera.Catalog.Api.csproj", "{229F94ED-587B-4E44-A9F3-FBC1B96FA2B9}"
EndProject
Project("{9A19103F-16F7-4668-BE54-9A1E7A4F7556}") = "Chimera.Catalog.Api.Tests", "Chimera.Catalog.Api.Tests\Chimera.Catalog.Api.Tests.csproj", "{EA30618F-D30F-434C-9473-9A1A67D03456}"
EndProject
Project("{2150E333-8FDC-42A3-9474-1A3956D46DE8}") = "Framework", "Framework", "{793F6BA9-ACF2-4B29-89F7-0A2A11156065}"
EndProject
Project("{9A19103F-16F7-4668-BE54-9A1E7A4F7556}") = "Common.Api.Tests", "Common.Api.Tests\Common.Api.Tests.csproj", "{3DC09E5E-3ECA-4827-A6A1-FCE457E65F43}"
EndProject
Project("{9A19103F-16F7-4668-BE54-9A1E7A4F7556}") = "Common.Core", "Common.Core\Common.Core.csproj", "{BBCD5246-B354-482A-B0CF-29AA09282CE9}"
EndProject
Project("{2150E333-8FDC-42A3-9474-1A3956D46DE8}") = "Offers", "Offers", "{C05624A0-12F2-442C-A886-2E8379700E29}"
EndProject
Project("{6EC3EE1D-3C4E-46DD-8F32-0CC8E7565705}") = "Common.Providers.MongoDb", "Common.MongoDb\Common.Providers.MongoDb.fsproj", "{B248EF66-8D37-4CAB-8AF2-148DC879DBA5}"
EndProject
Global
	GlobalSection(SolutionConfigurationPlatforms) = preSolution
		Debug|Any CPU = Debug|Any CPU
		Debug|x64 = Debug|x64
		Debug|x86 = Debug|x86
		Release|Any CPU = Release|Any CPU
		Release|x64 = Release|x64
		Release|x86 = Release|x86
	EndGlobalSection
	GlobalSection(ProjectConfigurationPlatforms) = postSolution
		{92D7F6E4-D6F6-4E51-883F-2BEB70F47274}.Debug|Any CPU.ActiveCfg = Debug|Any CPU
		{92D7F6E4-D6F6-4E51-883F-2BEB70F47274}.Debug|Any CPU.Build.0 = Debug|Any CPU
		{92D7F6E4-D6F6-4E51-883F-2BEB70F47274}.Debug|x64.ActiveCfg = Debug|Any CPU
		{92D7F6E4-D6F6-4E51-883F-2BEB70F47274}.Debug|x64.Build.0 = Debug|Any CPU
		{92D7F6E4-D6F6-4E51-883F-2BEB70F47274}.Debug|x86.ActiveCfg = Debug|Any CPU
		{92D7F6E4-D6F6-4E51-883F-2BEB70F47274}.Debug|x86.Build.0 = Debug|Any CPU
		{92D7F6E4-D6F6-4E51-883F-2BEB70F47274}.Release|Any CPU.ActiveCfg = Release|Any CPU
		{92D7F6E4-D6F6-4E51-883F-2BEB70F47274}.Release|Any CPU.Build.0 = Release|Any CPU
		{92D7F6E4-D6F6-4E51-883F-2BEB70F47274}.Release|x64.ActiveCfg = Release|Any CPU
		{92D7F6E4-D6F6-4E51-883F-2BEB70F47274}.Release|x64.Build.0 = Release|Any CPU
		{92D7F6E4-D6F6-4E51-883F-2BEB70F47274}.Release|x86.ActiveCfg = Release|Any CPU
		{92D7F6E4-D6F6-4E51-883F-2BEB70F47274}.Release|x86.Build.0 = Release|Any CPU
		{29F192A5-835B-4F81-BB24-F071D1305271}.Debug|Any CPU.ActiveCfg = Debug|Any CPU
		{29F192A5-835B-4F81-BB24-F071D1305271}.Debug|Any CPU.Build.0 = Debug|Any CPU
		{29F192A5-835B-4F81-BB24-F071D1305271}.Debug|x64.ActiveCfg = Debug|Any CPU
		{29F192A5-835B-4F81-BB24-F071D1305271}.Debug|x64.Build.0 = Debug|Any CPU
		{29F192A5-835B-4F81-BB24-F071D1305271}.Debug|x86.ActiveCfg = Debug|Any CPU
		{29F192A5-835B-4F81-BB24-F071D1305271}.Debug|x86.Build.0 = Debug|Any CPU
		{29F192A5-835B-4F81-BB24-F071D1305271}.Release|Any CPU.ActiveCfg = Release|Any CPU
		{29F192A5-835B-4F81-BB24-F071D1305271}.Release|Any CPU.Build.0 = Release|Any CPU
		{29F192A5-835B-4F81-BB24-F071D1305271}.Release|x64.ActiveCfg = Release|Any CPU
		{29F192A5-835B-4F81-BB24-F071D1305271}.Release|x64.Build.0 = Release|Any CPU
		{29F192A5-835B-4F81-BB24-F071D1305271}.Release|x86.ActiveCfg = Release|Any CPU
		{29F192A5-835B-4F81-BB24-F071D1305271}.Release|x86.Build.0 = Release|Any CPU
		{9D5D6668-F7E5-4B94-9649-64B2C62740E3}.Debug|Any CPU.ActiveCfg = Debug|Any CPU
		{9D5D6668-F7E5-4B94-9649-64B2C62740E3}.Debug|Any CPU.Build.0 = Debug|Any CPU
		{9D5D6668-F7E5-4B94-9649-64B2C62740E3}.Debug|x64.ActiveCfg = Debug|Any CPU
		{9D5D6668-F7E5-4B94-9649-64B2C62740E3}.Debug|x64.Build.0 = Debug|Any CPU
		{9D5D6668-F7E5-4B94-9649-64B2C62740E3}.Debug|x86.ActiveCfg = Debug|Any CPU
		{9D5D6668-F7E5-4B94-9649-64B2C62740E3}.Debug|x86.Build.0 = Debug|Any CPU
		{9D5D6668-F7E5-4B94-9649-64B2C62740E3}.Release|Any CPU.ActiveCfg = Release|Any CPU
		{9D5D6668-F7E5-4B94-9649-64B2C62740E3}.Release|Any CPU.Build.0 = Release|Any CPU
		{9D5D6668-F7E5-4B94-9649-64B2C62740E3}.Release|x64.ActiveCfg = Release|Any CPU
		{9D5D6668-F7E5-4B94-9649-64B2C62740E3}.Release|x64.Build.0 = Release|Any CPU
		{9D5D6668-F7E5-4B94-9649-64B2C62740E3}.Release|x86.ActiveCfg = Release|Any CPU
		{9D5D6668-F7E5-4B94-9649-64B2C62740E3}.Release|x86.Build.0 = Release|Any CPU
		{22EF7940-17FD-47E3-9549-3E1065C151E3}.Debug|Any CPU.ActiveCfg = Debug|Any CPU
		{22EF7940-17FD-47E3-9549-3E1065C151E3}.Debug|Any CPU.Build.0 = Debug|Any CPU
		{22EF7940-17FD-47E3-9549-3E1065C151E3}.Debug|x64.ActiveCfg = Debug|Any CPU
		{22EF7940-17FD-47E3-9549-3E1065C151E3}.Debug|x64.Build.0 = Debug|Any CPU
		{22EF7940-17FD-47E3-9549-3E1065C151E3}.Debug|x86.ActiveCfg = Debug|Any CPU
		{22EF7940-17FD-47E3-9549-3E1065C151E3}.Debug|x86.Build.0 = Debug|Any CPU
		{22EF7940-17FD-47E3-9549-3E1065C151E3}.Release|Any CPU.ActiveCfg = Release|Any CPU
		{22EF7940-17FD-47E3-9549-3E1065C151E3}.Release|Any CPU.Build.0 = Release|Any CPU
		{22EF7940-17FD-47E3-9549-3E1065C151E3}.Release|x64.ActiveCfg = Release|Any CPU
		{22EF7940-17FD-47E3-9549-3E1065C151E3}.Release|x64.Build.0 = Release|Any CPU
		{22EF7940-17FD-47E3-9549-3E1065C151E3}.Release|x86.ActiveCfg = Release|Any CPU
		{22EF7940-17FD-47E3-9549-3E1065C151E3}.Release|x86.Build.0 = Release|Any CPU
		{A308A8A4-816C-49FC-8C72-A869DA31A1F3}.Debug|Any CPU.ActiveCfg = Debug|Any CPU
		{A308A8A4-816C-49FC-8C72-A869DA31A1F3}.Debug|Any CPU.Build.0 = Debug|Any CPU
		{A308A8A4-816C-49FC-8C72-A869DA31A1F3}.Debug|x64.ActiveCfg = Debug|Any CPU
		{A308A8A4-816C-49FC-8C72-A869DA31A1F3}.Debug|x64.Build.0 = Debug|Any CPU
		{A308A8A4-816C-49FC-8C72-A869DA31A1F3}.Debug|x86.ActiveCfg = Debug|Any CPU
		{A308A8A4-816C-49FC-8C72-A869DA31A1F3}.Debug|x86.Build.0 = Debug|Any CPU
		{A308A8A4-816C-49FC-8C72-A869DA31A1F3}.Release|Any CPU.ActiveCfg = Release|Any CPU
		{A308A8A4-816C-49FC-8C72-A869DA31A1F3}.Release|Any CPU.Build.0 = Release|Any CPU
		{A308A8A4-816C-49FC-8C72-A869DA31A1F3}.Release|x64.ActiveCfg = Release|Any CPU
		{A308A8A4-816C-49FC-8C72-A869DA31A1F3}.Release|x64.Build.0 = Release|Any CPU
		{A308A8A4-816C-49FC-8C72-A869DA31A1F3}.Release|x86.ActiveCfg = Release|Any CPU
		{A308A8A4-816C-49FC-8C72-A869DA31A1F3}.Release|x86.Build.0 = Release|Any CPU
		{881248E2-025B-4D26-BC19-24E55B904DC2}.Debug|Any CPU.ActiveCfg = Debug|Any CPU
		{881248E2-025B-4D26-BC19-24E55B904DC2}.Debug|Any CPU.Build.0 = Debug|Any CPU
		{881248E2-025B-4D26-BC19-24E55B904DC2}.Debug|x64.ActiveCfg = Debug|Any CPU
		{881248E2-025B-4D26-BC19-24E55B904DC2}.Debug|x64.Build.0 = Debug|Any CPU
		{881248E2-025B-4D26-BC19-24E55B904DC2}.Debug|x86.ActiveCfg = Debug|Any CPU
		{881248E2-025B-4D26-BC19-24E55B904DC2}.Debug|x86.Build.0 = Debug|Any CPU
		{881248E2-025B-4D26-BC19-24E55B904DC2}.Release|Any CPU.ActiveCfg = Release|Any CPU
		{881248E2-025B-4D26-BC19-24E55B904DC2}.Release|Any CPU.Build.0 = Release|Any CPU
		{881248E2-025B-4D26-BC19-24E55B904DC2}.Release|x64.ActiveCfg = Release|Any CPU
		{881248E2-025B-4D26-BC19-24E55B904DC2}.Release|x64.Build.0 = Release|Any CPU
		{881248E2-025B-4D26-BC19-24E55B904DC2}.Release|x86.ActiveCfg = Release|Any CPU
		{881248E2-025B-4D26-BC19-24E55B904DC2}.Release|x86.Build.0 = Release|Any CPU
		{9C4F19BC-2A4C-4A15-856A-AA20BF1D12E2}.Debug|Any CPU.ActiveCfg = Debug|Any CPU
		{9C4F19BC-2A4C-4A15-856A-AA20BF1D12E2}.Debug|Any CPU.Build.0 = Debug|Any CPU
		{9C4F19BC-2A4C-4A15-856A-AA20BF1D12E2}.Debug|x64.ActiveCfg = Debug|Any CPU
		{9C4F19BC-2A4C-4A15-856A-AA20BF1D12E2}.Debug|x64.Build.0 = Debug|Any CPU
		{9C4F19BC-2A4C-4A15-856A-AA20BF1D12E2}.Debug|x86.ActiveCfg = Debug|Any CPU
		{9C4F19BC-2A4C-4A15-856A-AA20BF1D12E2}.Debug|x86.Build.0 = Debug|Any CPU
		{9C4F19BC-2A4C-4A15-856A-AA20BF1D12E2}.Release|Any CPU.ActiveCfg = Release|Any CPU
		{9C4F19BC-2A4C-4A15-856A-AA20BF1D12E2}.Release|Any CPU.Build.0 = Release|Any CPU
		{9C4F19BC-2A4C-4A15-856A-AA20BF1D12E2}.Release|x64.ActiveCfg = Release|Any CPU
		{9C4F19BC-2A4C-4A15-856A-AA20BF1D12E2}.Release|x64.Build.0 = Release|Any CPU
		{9C4F19BC-2A4C-4A15-856A-AA20BF1D12E2}.Release|x86.ActiveCfg = Release|Any CPU
		{9C4F19BC-2A4C-4A15-856A-AA20BF1D12E2}.Release|x86.Build.0 = Release|Any CPU
		{E6493D00-BF49-4386-B55A-595617AA503A}.Debug|Any CPU.ActiveCfg = Debug|Any CPU
		{E6493D00-BF49-4386-B55A-595617AA503A}.Debug|Any CPU.Build.0 = Debug|Any CPU
		{E6493D00-BF49-4386-B55A-595617AA503A}.Debug|x64.ActiveCfg = Debug|Any CPU
		{E6493D00-BF49-4386-B55A-595617AA503A}.Debug|x64.Build.0 = Debug|Any CPU
		{E6493D00-BF49-4386-B55A-595617AA503A}.Debug|x86.ActiveCfg = Debug|Any CPU
		{E6493D00-BF49-4386-B55A-595617AA503A}.Debug|x86.Build.0 = Debug|Any CPU
		{E6493D00-BF49-4386-B55A-595617AA503A}.Release|Any CPU.ActiveCfg = Release|Any CPU
		{E6493D00-BF49-4386-B55A-595617AA503A}.Release|Any CPU.Build.0 = Release|Any CPU
		{E6493D00-BF49-4386-B55A-595617AA503A}.Release|x64.ActiveCfg = Release|Any CPU
		{E6493D00-BF49-4386-B55A-595617AA503A}.Release|x64.Build.0 = Release|Any CPU
		{E6493D00-BF49-4386-B55A-595617AA503A}.Release|x86.ActiveCfg = Release|Any CPU
		{E6493D00-BF49-4386-B55A-595617AA503A}.Release|x86.Build.0 = Release|Any CPU
		{BBAB4DD6-749B-4755-BC10-ACBF39982169}.Debug|Any CPU.ActiveCfg = Debug|Any CPU
		{BBAB4DD6-749B-4755-BC10-ACBF39982169}.Debug|Any CPU.Build.0 = Debug|Any CPU
		{BBAB4DD6-749B-4755-BC10-ACBF39982169}.Debug|x64.ActiveCfg = Debug|Any CPU
		{BBAB4DD6-749B-4755-BC10-ACBF39982169}.Debug|x64.Build.0 = Debug|Any CPU
		{BBAB4DD6-749B-4755-BC10-ACBF39982169}.Debug|x86.ActiveCfg = Debug|Any CPU
		{BBAB4DD6-749B-4755-BC10-ACBF39982169}.Debug|x86.Build.0 = Debug|Any CPU
		{BBAB4DD6-749B-4755-BC10-ACBF39982169}.Release|Any CPU.ActiveCfg = Release|Any CPU
		{BBAB4DD6-749B-4755-BC10-ACBF39982169}.Release|Any CPU.Build.0 = Release|Any CPU
		{BBAB4DD6-749B-4755-BC10-ACBF39982169}.Release|x64.ActiveCfg = Release|Any CPU
		{BBAB4DD6-749B-4755-BC10-ACBF39982169}.Release|x64.Build.0 = Release|Any CPU
		{BBAB4DD6-749B-4755-BC10-ACBF39982169}.Release|x86.ActiveCfg = Release|Any CPU
		{BBAB4DD6-749B-4755-BC10-ACBF39982169}.Release|x86.Build.0 = Release|Any CPU
		{229F94ED-587B-4E44-A9F3-FBC1B96FA2B9}.Debug|Any CPU.ActiveCfg = Debug|Any CPU
		{229F94ED-587B-4E44-A9F3-FBC1B96FA2B9}.Debug|Any CPU.Build.0 = Debug|Any CPU
		{229F94ED-587B-4E44-A9F3-FBC1B96FA2B9}.Debug|x64.ActiveCfg = Debug|Any CPU
		{229F94ED-587B-4E44-A9F3-FBC1B96FA2B9}.Debug|x64.Build.0 = Debug|Any CPU
		{229F94ED-587B-4E44-A9F3-FBC1B96FA2B9}.Debug|x86.ActiveCfg = Debug|Any CPU
		{229F94ED-587B-4E44-A9F3-FBC1B96FA2B9}.Debug|x86.Build.0 = Debug|Any CPU
		{229F94ED-587B-4E44-A9F3-FBC1B96FA2B9}.Release|Any CPU.ActiveCfg = Release|Any CPU
		{229F94ED-587B-4E44-A9F3-FBC1B96FA2B9}.Release|Any CPU.Build.0 = Release|Any CPU
		{229F94ED-587B-4E44-A9F3-FBC1B96FA2B9}.Release|x64.ActiveCfg = Release|Any CPU
		{229F94ED-587B-4E44-A9F3-FBC1B96FA2B9}.Release|x64.Build.0 = Release|Any CPU
		{229F94ED-587B-4E44-A9F3-FBC1B96FA2B9}.Release|x86.ActiveCfg = Release|Any CPU
		{229F94ED-587B-4E44-A9F3-FBC1B96FA2B9}.Release|x86.Build.0 = Release|Any CPU
		{EA30618F-D30F-434C-9473-9A1A67D03456}.Debug|Any CPU.ActiveCfg = Debug|Any CPU
		{EA30618F-D30F-434C-9473-9A1A67D03456}.Debug|Any CPU.Build.0 = Debug|Any CPU
		{EA30618F-D30F-434C-9473-9A1A67D03456}.Debug|x64.ActiveCfg = Debug|Any CPU
		{EA30618F-D30F-434C-9473-9A1A67D03456}.Debug|x64.Build.0 = Debug|Any CPU
		{EA30618F-D30F-434C-9473-9A1A67D03456}.Debug|x86.ActiveCfg = Debug|Any CPU
		{EA30618F-D30F-434C-9473-9A1A67D03456}.Debug|x86.Build.0 = Debug|Any CPU
		{EA30618F-D30F-434C-9473-9A1A67D03456}.Release|Any CPU.ActiveCfg = Release|Any CPU
		{EA30618F-D30F-434C-9473-9A1A67D03456}.Release|Any CPU.Build.0 = Release|Any CPU
		{EA30618F-D30F-434C-9473-9A1A67D03456}.Release|x64.ActiveCfg = Release|Any CPU
		{EA30618F-D30F-434C-9473-9A1A67D03456}.Release|x64.Build.0 = Release|Any CPU
		{EA30618F-D30F-434C-9473-9A1A67D03456}.Release|x86.ActiveCfg = Release|Any CPU
		{EA30618F-D30F-434C-9473-9A1A67D03456}.Release|x86.Build.0 = Release|Any CPU
		{3DC09E5E-3ECA-4827-A6A1-FCE457E65F43}.Debug|Any CPU.ActiveCfg = Debug|Any CPU
		{3DC09E5E-3ECA-4827-A6A1-FCE457E65F43}.Debug|Any CPU.Build.0 = Debug|Any CPU
		{3DC09E5E-3ECA-4827-A6A1-FCE457E65F43}.Debug|x64.ActiveCfg = Debug|Any CPU
		{3DC09E5E-3ECA-4827-A6A1-FCE457E65F43}.Debug|x64.Build.0 = Debug|Any CPU
		{3DC09E5E-3ECA-4827-A6A1-FCE457E65F43}.Debug|x86.ActiveCfg = Debug|Any CPU
		{3DC09E5E-3ECA-4827-A6A1-FCE457E65F43}.Debug|x86.Build.0 = Debug|Any CPU
		{3DC09E5E-3ECA-4827-A6A1-FCE457E65F43}.Release|Any CPU.ActiveCfg = Release|Any CPU
		{3DC09E5E-3ECA-4827-A6A1-FCE457E65F43}.Release|Any CPU.Build.0 = Release|Any CPU
		{3DC09E5E-3ECA-4827-A6A1-FCE457E65F43}.Release|x64.ActiveCfg = Release|Any CPU
		{3DC09E5E-3ECA-4827-A6A1-FCE457E65F43}.Release|x64.Build.0 = Release|Any CPU
		{3DC09E5E-3ECA-4827-A6A1-FCE457E65F43}.Release|x86.ActiveCfg = Release|Any CPU
		{3DC09E5E-3ECA-4827-A6A1-FCE457E65F43}.Release|x86.Build.0 = Release|Any CPU
		{BBCD5246-B354-482A-B0CF-29AA09282CE9}.Debug|Any CPU.ActiveCfg = Debug|Any CPU
		{BBCD5246-B354-482A-B0CF-29AA09282CE9}.Debug|Any CPU.Build.0 = Debug|Any CPU
		{BBCD5246-B354-482A-B0CF-29AA09282CE9}.Debug|x64.ActiveCfg = Debug|Any CPU
		{BBCD5246-B354-482A-B0CF-29AA09282CE9}.Debug|x64.Build.0 = Debug|Any CPU
		{BBCD5246-B354-482A-B0CF-29AA09282CE9}.Debug|x86.ActiveCfg = Debug|Any CPU
		{BBCD5246-B354-482A-B0CF-29AA09282CE9}.Debug|x86.Build.0 = Debug|Any CPU
		{BBCD5246-B354-482A-B0CF-29AA09282CE9}.Release|Any CPU.ActiveCfg = Release|Any CPU
		{BBCD5246-B354-482A-B0CF-29AA09282CE9}.Release|Any CPU.Build.0 = Release|Any CPU
		{BBCD5246-B354-482A-B0CF-29AA09282CE9}.Release|x64.ActiveCfg = Release|Any CPU
		{BBCD5246-B354-482A-B0CF-29AA09282CE9}.Release|x64.Build.0 = Release|Any CPU
		{BBCD5246-B354-482A-B0CF-29AA09282CE9}.Release|x86.ActiveCfg = Release|Any CPU
		{BBCD5246-B354-482A-B0CF-29AA09282CE9}.Release|x86.Build.0 = Release|Any CPU
		{B248EF66-8D37-4CAB-8AF2-148DC879DBA5}.Debug|Any CPU.ActiveCfg = Debug|Any CPU
		{B248EF66-8D37-4CAB-8AF2-148DC879DBA5}.Debug|Any CPU.Build.0 = Debug|Any CPU
		{B248EF66-8D37-4CAB-8AF2-148DC879DBA5}.Debug|x64.ActiveCfg = Debug|Any CPU
		{B248EF66-8D37-4CAB-8AF2-148DC879DBA5}.Debug|x64.Build.0 = Debug|Any CPU
		{B248EF66-8D37-4CAB-8AF2-148DC879DBA5}.Debug|x86.ActiveCfg = Debug|Any CPU
		{B248EF66-8D37-4CAB-8AF2-148DC879DBA5}.Debug|x86.Build.0 = Debug|Any CPU
		{B248EF66-8D37-4CAB-8AF2-148DC879DBA5}.Release|Any CPU.ActiveCfg = Release|Any CPU
		{B248EF66-8D37-4CAB-8AF2-148DC879DBA5}.Release|Any CPU.Build.0 = Release|Any CPU
		{B248EF66-8D37-4CAB-8AF2-148DC879DBA5}.Release|x64.ActiveCfg = Release|Any CPU
		{B248EF66-8D37-4CAB-8AF2-148DC879DBA5}.Release|x64.Build.0 = Release|Any CPU
		{B248EF66-8D37-4CAB-8AF2-148DC879DBA5}.Release|x86.ActiveCfg = Release|Any CPU
		{B248EF66-8D37-4CAB-8AF2-148DC879DBA5}.Release|x86.Build.0 = Release|Any CPU
	EndGlobalSection
	GlobalSection(SolutionProperties) = preSolution
		HideSolutionNode = FALSE
	EndGlobalSection
	GlobalSection(NestedProjects) = preSolution
		{92D7F6E4-D6F6-4E51-883F-2BEB70F47274} = {B0B3AC07-EF61-4F9E-92A1-31B4936B94F3}
		{29F192A5-835B-4F81-BB24-F071D1305271} = {B0B3AC07-EF61-4F9E-92A1-31B4936B94F3}
		{9D5D6668-F7E5-4B94-9649-64B2C62740E3} = {44BC9179-3BA9-4646-ACC8-1D5BFC00B778}
		{22EF7940-17FD-47E3-9549-3E1065C151E3} = {44BC9179-3BA9-4646-ACC8-1D5BFC00B778}
		{A308A8A4-816C-49FC-8C72-A869DA31A1F3} = {44BC9179-3BA9-4646-ACC8-1D5BFC00B778}
		{881248E2-025B-4D26-BC19-24E55B904DC2} = {B0B3AC07-EF61-4F9E-92A1-31B4936B94F3}
		{44BC9179-3BA9-4646-ACC8-1D5BFC00B778} = {B0B3AC07-EF61-4F9E-92A1-31B4936B94F3}
		{9C4F19BC-2A4C-4A15-856A-AA20BF1D12E2} = {808B5669-81FF-45A4-AD3B-B89EA5A208A6}
		{E6493D00-BF49-4386-B55A-595617AA503A} = {6EDFD26C-96C1-41FC-A724-062E790F7FE2}
		{BBAB4DD6-749B-4755-BC10-ACBF39982169} = {6EDFD26C-96C1-41FC-A724-062E790F7FE2}
		{6EDFD26C-96C1-41FC-A724-062E790F7FE2} = {808B5669-81FF-45A4-AD3B-B89EA5A208A6}
		{229F94ED-587B-4E44-A9F3-FBC1B96FA2B9} = {808B5669-81FF-45A4-AD3B-B89EA5A208A6}
		{EA30618F-D30F-434C-9473-9A1A67D03456} = {808B5669-81FF-45A4-AD3B-B89EA5A208A6}
		{3DC09E5E-3ECA-4827-A6A1-FCE457E65F43} = {793F6BA9-ACF2-4B29-89F7-0A2A11156065}
		{BBCD5246-B354-482A-B0CF-29AA09282CE9} = {793F6BA9-ACF2-4B29-89F7-0A2A11156065}
		{B248EF66-8D37-4CAB-8AF2-148DC879DBA5} = {793F6BA9-ACF2-4B29-89F7-0A2A11156065}
	EndGlobalSection
	GlobalSection(ExtensibilityGlobals) = postSolution
		SolutionGuid = {8D9974B6-4A37-4D8E-A712-58E74FF5E544}
	EndGlobalSection
EndGlobal
